
Microsoft Visual Studio Solution File, Format Version 12.00
# Visual Studio Version 17
VisualStudioVersion = 17.10.34928.147
MinimumVisualStudioVersion = 10.0.40219.1
Project("{FAE04EC0-301F-11D3-BF4B-00C04F79EFBC}") = "GroceryShoppingApp", "GroceryShoppingApp\GroceryShoppingApp.csproj", "{0F0D535C-F506-4844-857E-685FB4BAF237}"
EndProject
Global
	GlobalSection(SolutionConfigurationPlatforms) = preSolution
		Debug|Any CPU = Debug|Any CPU
		Release|Any CPU = Release|Any CPU
	EndGlobalSection
	GlobalSection(ProjectConfigurationPlatforms) = postSolution
		{0F0D535C-F506-4844-857E-685FB4BAF237}.Debug|Any CPU.ActiveCfg = Debug|Any CPU
		{0F0D535C-F506-4844-857E-685FB4BAF237}.Debug|Any CPU.Build.0 = Debug|Any CPU
		{0F0D535C-F506-4844-857E-685FB4BAF237}.Release|Any CPU.ActiveCfg = Release|Any CPU
		{0F0D535C-F506-4844-857E-685FB4BAF237}.Release|Any CPU.Build.0 = Release|Any CPU
	EndGlobalSection
	GlobalSection(SolutionProperties) = preSolution
		HideSolutionNode = FALSE
	EndGlobalSection
	GlobalSection(ExtensibilityGlobals) = postSolution
		SolutionGuid = {B9EF00C6-4DF8-463D-AE38-B59CFBF65B3D}
	EndGlobalSection
EndGlobal
